// !$*UTF8*$!
{
	archiveVersion = 1;
	classes = {
	};
	objectVersion = 55;
	objects = {

/* Begin PBXBuildFile section */
		76F117CB28D0B6FB00CB8DB6 /* HangryStockApp.swift in Sources */ = {isa = PBXBuildFile; fileRef = 76F117CA28D0B6FB00CB8DB6 /* HangryStockApp.swift */; };
		76F117CD28D0B6FB00CB8DB6 /* ContentView.swift in Sources */ = {isa = PBXBuildFile; fileRef = 76F117CC28D0B6FB00CB8DB6 /* ContentView.swift */; };
		76F117CF28D0B6FF00CB8DB6 /* Assets.xcassets in Resources */ = {isa = PBXBuildFile; fileRef = 76F117CE28D0B6FF00CB8DB6 /* Assets.xcassets */; };
		76F117D228D0B6FF00CB8DB6 /* Preview Assets.xcassets in Resources */ = {isa = PBXBuildFile; fileRef = 76F117D128D0B6FF00CB8DB6 /* Preview Assets.xcassets */; };
		76F117DC28D0B6FF00CB8DB6 /* HangryStockTests.swift in Sources */ = {isa = PBXBuildFile; fileRef = 76F117DB28D0B6FF00CB8DB6 /* HangryStockTests.swift */; };
		76F117E628D0B6FF00CB8DB6 /* HangryStockUITests.swift in Sources */ = {isa = PBXBuildFile; fileRef = 76F117E528D0B6FF00CB8DB6 /* HangryStockUITests.swift */; };
		76F117E828D0B6FF00CB8DB6 /* HangryStockUITestsLaunchTests.swift in Sources */ = {isa = PBXBuildFile; fileRef = 76F117E728D0B6FF00CB8DB6 /* HangryStockUITestsLaunchTests.swift */; };
/* End PBXBuildFile section */

/* Begin PBXContainerItemProxy section */
		76F117D828D0B6FF00CB8DB6 /* PBXContainerItemProxy */ = {
			isa = PBXContainerItemProxy;
			containerPortal = 76F117BF28D0B6FB00CB8DB6 /* Project object */;
			proxyType = 1;
			remoteGlobalIDString = 76F117C628D0B6FB00CB8DB6;
			remoteInfo = HangryStock;
		};
		76F117E228D0B6FF00CB8DB6 /* PBXContainerItemProxy */ = {
			isa = PBXContainerItemProxy;
			containerPortal = 76F117BF28D0B6FB00CB8DB6 /* Project object */;
			proxyType = 1;
			remoteGlobalIDString = 76F117C628D0B6FB00CB8DB6;
			remoteInfo = HangryStock;
		};
/* End PBXContainerItemProxy section */

/* Begin PBXFileReference section */
		76F117C728D0B6FB00CB8DB6 /* HangryStock.app */ = {isa = PBXFileReference; explicitFileType = wrapper.application; includeInIndex = 0; path = HangryStock.app; sourceTree = BUILT_PRODUCTS_DIR; };
		76F117CA28D0B6FB00CB8DB6 /* HangryStockApp.swift */ = {isa = PBXFileReference; lastKnownFileType = sourcecode.swift; path = HangryStockApp.swift; sourceTree = "<group>"; };
		76F117CC28D0B6FB00CB8DB6 /* ContentView.swift */ = {isa = PBXFileReference; lastKnownFileType = sourcecode.swift; path = ContentView.swift; sourceTree = "<group>"; };
		76F117CE28D0B6FF00CB8DB6 /* Assets.xcassets */ = {isa = PBXFileReference; lastKnownFileType = folder.assetcatalog; path = Assets.xcassets; sourceTree = "<group>"; };
		76F117D128D0B6FF00CB8DB6 /* Preview Assets.xcassets */ = {isa = PBXFileReference; lastKnownFileType = folder.assetcatalog; path = "Preview Assets.xcassets"; sourceTree = "<group>"; };
		76F117D728D0B6FF00CB8DB6 /* HangryStockTests.xctest */ = {isa = PBXFileReference; explicitFileType = wrapper.cfbundle; includeInIndex = 0; path = HangryStockTests.xctest; sourceTree = BUILT_PRODUCTS_DIR; };
		76F117DB28D0B6FF00CB8DB6 /* HangryStockTests.swift */ = {isa = PBXFileReference; lastKnownFileType = sourcecode.swift; path = HangryStockTests.swift; sourceTree = "<group>"; };
		76F117E128D0B6FF00CB8DB6 /* HangryStockUITests.xctest */ = {isa = PBXFileReference; explicitFileType = wrapper.cfbundle; includeInIndex = 0; path = HangryStockUITests.xctest; sourceTree = BUILT_PRODUCTS_DIR; };
		76F117E528D0B6FF00CB8DB6 /* HangryStockUITests.swift */ = {isa = PBXFileReference; lastKnownFileType = sourcecode.swift; path = HangryStockUITests.swift; sourceTree = "<group>"; };
		76F117E728D0B6FF00CB8DB6 /* HangryStockUITestsLaunchTests.swift */ = {isa = PBXFileReference; lastKnownFileType = sourcecode.swift; path = HangryStockUITestsLaunchTests.swift; sourceTree = "<group>"; };
/* End PBXFileReference section */

/* Begin PBXFrameworksBuildPhase section */
		76F117C428D0B6FB00CB8DB6 /* Frameworks */ = {
			isa = PBXFrameworksBuildPhase;
			buildActionMask = 2147483647;
			files = (
			);
			runOnlyForDeploymentPostprocessing = 0;
		};
		76F117D428D0B6FF00CB8DB6 /* Frameworks */ = {
			isa = PBXFrameworksBuildPhase;
			buildActionMask = 2147483647;
			files = (
			);
			runOnlyForDeploymentPostprocessing = 0;
		};
		76F117DE28D0B6FF00CB8DB6 /* Frameworks */ = {
			isa = PBXFrameworksBuildPhase;
			buildActionMask = 2147483647;
			files = (
			);
			runOnlyForDeploymentPostprocessing = 0;
		};
/* End PBXFrameworksBuildPhase section */

/* Begin PBXGroup section */
		76F117BE28D0B6FB00CB8DB6 = {
			isa = PBXGroup;
			children = (
				76F117C928D0B6FB00CB8DB6 /* HangryStock */,
				76F117DA28D0B6FF00CB8DB6 /* HangryStockTests */,
				76F117E428D0B6FF00CB8DB6 /* HangryStockUITests */,
				76F117C828D0B6FB00CB8DB6 /* Products */,
			);
			sourceTree = "<group>";
		};
		76F117C828D0B6FB00CB8DB6 /* Products */ = {
			isa = PBXGroup;
			children = (
				76F117C728D0B6FB00CB8DB6 /* HangryStock.app */,
				76F117D728D0B6FF00CB8DB6 /* HangryStockTests.xctest */,
				76F117E128D0B6FF00CB8DB6 /* HangryStockUITests.xctest */,
			);
			name = Products;
			sourceTree = "<group>";
		};
		76F117C928D0B6FB00CB8DB6 /* HangryStock */ = {
			isa = PBXGroup;
			children = (
				76F117CA28D0B6FB00CB8DB6 /* HangryStockApp.swift */,
				76F117CC28D0B6FB00CB8DB6 /* ContentView.swift */,
				76F117CE28D0B6FF00CB8DB6 /* Assets.xcassets */,
				76F117D028D0B6FF00CB8DB6 /* Preview Content */,
			);
			path = HangryStock;
			sourceTree = "<group>";
		};
		76F117D028D0B6FF00CB8DB6 /* Preview Content */ = {
			isa = PBXGroup;
			children = (
				76F117D128D0B6FF00CB8DB6 /* Preview Assets.xcassets */,
			);
			path = "Preview Content";
			sourceTree = "<group>";
		};
		76F117DA28D0B6FF00CB8DB6 /* HangryStockTests */ = {
			isa = PBXGroup;
			children = (
				76F117DB28D0B6FF00CB8DB6 /* HangryStockTests.swift */,
			);
			path = HangryStockTests;
			sourceTree = "<group>";
		};
		76F117E428D0B6FF00CB8DB6 /* HangryStockUITests */ = {
			isa = PBXGroup;
			children = (
				76F117E528D0B6FF00CB8DB6 /* HangryStockUITests.swift */,
				76F117E728D0B6FF00CB8DB6 /* HangryStockUITestsLaunchTests.swift */,
			);
			path = HangryStockUITests;
			sourceTree = "<group>";
		};
/* End PBXGroup section */

/* Begin PBXNativeTarget section */
		76F117C628D0B6FB00CB8DB6 /* HangryStock */ = {
			isa = PBXNativeTarget;
			buildConfigurationList = 76F117EB28D0B6FF00CB8DB6 /* Build configuration list for PBXNativeTarget "HangryStock" */;
			buildPhases = (
				76F117C328D0B6FB00CB8DB6 /* Sources */,
				76F117C428D0B6FB00CB8DB6 /* Frameworks */,
				76F117C528D0B6FB00CB8DB6 /* Resources */,
			);
			buildRules = (
			);
			dependencies = (
			);
			name = HangryStock;
			productName = HangryStock;
			productReference = 76F117C728D0B6FB00CB8DB6 /* HangryStock.app */;
			productType = "com.apple.product-type.application";
		};
		76F117D628D0B6FF00CB8DB6 /* HangryStockTests */ = {
			isa = PBXNativeTarget;
			buildConfigurationList = 76F117EE28D0B6FF00CB8DB6 /* Build configuration list for PBXNativeTarget "HangryStockTests" */;
			buildPhases = (
				76F117D328D0B6FF00CB8DB6 /* Sources */,
				76F117D428D0B6FF00CB8DB6 /* Frameworks */,
				76F117D528D0B6FF00CB8DB6 /* Resources */,
			);
			buildRules = (
			);
			dependencies = (
				76F117D928D0B6FF00CB8DB6 /* PBXTargetDependency */,
			);
			name = HangryStockTests;
			productName = HangryStockTests;
			productReference = 76F117D728D0B6FF00CB8DB6 /* HangryStockTests.xctest */;
			productType = "com.apple.product-type.bundle.unit-test";
		};
		76F117E028D0B6FF00CB8DB6 /* HangryStockUITests */ = {
			isa = PBXNativeTarget;
			buildConfigurationList = 76F117F128D0B6FF00CB8DB6 /* Build configuration list for PBXNativeTarget "HangryStockUITests" */;
			buildPhases = (
				76F117DD28D0B6FF00CB8DB6 /* Sources */,
				76F117DE28D0B6FF00CB8DB6 /* Frameworks */,
				76F117DF28D0B6FF00CB8DB6 /* Resources */,
			);
			buildRules = (
			);
			dependencies = (
				76F117E328D0B6FF00CB8DB6 /* PBXTargetDependency */,
			);
			name = HangryStockUITests;
			productName = HangryStockUITests;
			productReference = 76F117E128D0B6FF00CB8DB6 /* HangryStockUITests.xctest */;
			productType = "com.apple.product-type.bundle.ui-testing";
		};
/* End PBXNativeTarget section */

/* Begin PBXProject section */
		76F117BF28D0B6FB00CB8DB6 /* Project object */ = {
			isa = PBXProject;
			attributes = {
				BuildIndependentTargetsInParallel = 1;
				LastSwiftUpdateCheck = 1340;
				LastUpgradeCheck = 1340;
				TargetAttributes = {
					76F117C628D0B6FB00CB8DB6 = {
						CreatedOnToolsVersion = 13.4.1;
					};
					76F117D628D0B6FF00CB8DB6 = {
						CreatedOnToolsVersion = 13.4.1;
						TestTargetID = 76F117C628D0B6FB00CB8DB6;
					};
					76F117E028D0B6FF00CB8DB6 = {
						CreatedOnToolsVersion = 13.4.1;
						TestTargetID = 76F117C628D0B6FB00CB8DB6;
					};
				};
			};
			buildConfigurationList = 76F117C228D0B6FB00CB8DB6 /* Build configuration list for PBXProject "HangryStock" */;
			compatibilityVersion = "Xcode 13.0";
			developmentRegion = en;
			hasScannedForEncodings = 0;
			knownRegions = (
				en,
				Base,
			);
			mainGroup = 76F117BE28D0B6FB00CB8DB6;
			productRefGroup = 76F117C828D0B6FB00CB8DB6 /* Products */;
			projectDirPath = "";
			projectRoot = "";
			targets = (
				76F117C628D0B6FB00CB8DB6 /* HangryStock */,
				76F117D628D0B6FF00CB8DB6 /* HangryStockTests */,
				76F117E028D0B6FF00CB8DB6 /* HangryStockUITests */,
			);
		};
/* End PBXProject section */

/* Begin PBXResourcesBuildPhase section */
		76F117C528D0B6FB00CB8DB6 /* Resources */ = {
			isa = PBXResourcesBuildPhase;
			buildActionMask = 2147483647;
			files = (
				76F117D228D0B6FF00CB8DB6 /* Preview Assets.xcassets in Resources */,
				76F117CF28D0B6FF00CB8DB6 /* Assets.xcassets in Resources */,
			);
			runOnlyForDeploymentPostprocessing = 0;
		};
		76F117D528D0B6FF00CB8DB6 /* Resources */ = {
			isa = PBXResourcesBuildPhase;
			buildActionMask = 2147483647;
			files = (
			);
			runOnlyForDeploymentPostprocessing = 0;
		};
		76F117DF28D0B6FF00CB8DB6 /* Resources */ = {
			isa = PBXResourcesBuildPhase;
			buildActionMask = 2147483647;
			files = (
			);
			runOnlyForDeploymentPostprocessing = 0;
		};
/* End PBXResourcesBuildPhase section */

/* Begin PBXSourcesBuildPhase section */
		76F117C328D0B6FB00CB8DB6 /* Sources */ = {
			isa = PBXSourcesBuildPhase;
			buildActionMask = 2147483647;
			files = (
				76F117CD28D0B6FB00CB8DB6 /* ContentView.swift in Sources */,
				76F117CB28D0B6FB00CB8DB6 /* HangryStockApp.swift in Sources */,
			);
			runOnlyForDeploymentPostprocessing = 0;
		};
		76F117D328D0B6FF00CB8DB6 /* Sources */ = {
			isa = PBXSourcesBuildPhase;
			buildActionMask = 2147483647;
			files = (
				76F117DC28D0B6FF00CB8DB6 /* HangryStockTests.swift in Sources */,
			);
			runOnlyForDeploymentPostprocessing = 0;
		};
		76F117DD28D0B6FF00CB8DB6 /* Sources */ = {
			isa = PBXSourcesBuildPhase;
			buildActionMask = 2147483647;
			files = (
				76F117E828D0B6FF00CB8DB6 /* HangryStockUITestsLaunchTests.swift in Sources */,
				76F117E628D0B6FF00CB8DB6 /* HangryStockUITests.swift in Sources */,
			);
			runOnlyForDeploymentPostprocessing = 0;
		};
/* End PBXSourcesBuildPhase section */

/* Begin PBXTargetDependency section */
		76F117D928D0B6FF00CB8DB6 /* PBXTargetDependency */ = {
			isa = PBXTargetDependency;
			target = 76F117C628D0B6FB00CB8DB6 /* HangryStock */;
			targetProxy = 76F117D828D0B6FF00CB8DB6 /* PBXContainerItemProxy */;
		};
		76F117E328D0B6FF00CB8DB6 /* PBXTargetDependency */ = {
			isa = PBXTargetDependency;
			target = 76F117C628D0B6FB00CB8DB6 /* HangryStock */;
			targetProxy = 76F117E228D0B6FF00CB8DB6 /* PBXContainerItemProxy */;
		};
/* End PBXTargetDependency section */

/* Begin XCBuildConfiguration section */
		76F117E928D0B6FF00CB8DB6 /* Debug */ = {
			isa = XCBuildConfiguration;
			buildSettings = {
				ALWAYS_SEARCH_USER_PATHS = NO;
				CLANG_ANALYZER_NONNULL = YES;
				CLANG_ANALYZER_NUMBER_OBJECT_CONVERSION = YES_AGGRESSIVE;
				CLANG_CXX_LANGUAGE_STANDARD = "gnu++17";
				CLANG_ENABLE_MODULES = YES;
				CLANG_ENABLE_OBJC_ARC = YES;
				CLANG_ENABLE_OBJC_WEAK = YES;
				CLANG_WARN_BLOCK_CAPTURE_AUTORELEASING = YES;
				CLANG_WARN_BOOL_CONVERSION = YES;
				CLANG_WARN_COMMA = YES;
				CLANG_WARN_CONSTANT_CONVERSION = YES;
				CLANG_WARN_DEPRECATED_OBJC_IMPLEMENTATIONS = YES;
				CLANG_WARN_DIRECT_OBJC_ISA_USAGE = YES_ERROR;
				CLANG_WARN_DOCUMENTATION_COMMENTS = YES;
				CLANG_WARN_EMPTY_BODY = YES;
				CLANG_WARN_ENUM_CONVERSION = YES;
				CLANG_WARN_INFINITE_RECURSION = YES;
				CLANG_WARN_INT_CONVERSION = YES;
				CLANG_WARN_NON_LITERAL_NULL_CONVERSION = YES;
				CLANG_WARN_OBJC_IMPLICIT_RETAIN_SELF = YES;
				CLANG_WARN_OBJC_LITERAL_CONVERSION = YES;
				CLANG_WARN_OBJC_ROOT_CLASS = YES_ERROR;
				CLANG_WARN_QUOTED_INCLUDE_IN_FRAMEWORK_HEADER = YES;
				CLANG_WARN_RANGE_LOOP_ANALYSIS = YES;
				CLANG_WARN_STRICT_PROTOTYPES = YES;
				CLANG_WARN_SUSPICIOUS_MOVE = YES;
				CLANG_WARN_UNGUARDED_AVAILABILITY = YES_AGGRESSIVE;
				CLANG_WARN_UNREACHABLE_CODE = YES;
				CLANG_WARN__DUPLICATE_METHOD_MATCH = YES;
				COPY_PHASE_STRIP = NO;
				DEBUG_INFORMATION_FORMAT = dwarf;
				ENABLE_STRICT_OBJC_MSGSEND = YES;
				ENABLE_TESTABILITY = YES;
				GCC_C_LANGUAGE_STANDARD = gnu11;
				GCC_DYNAMIC_NO_PIC = NO;
				GCC_NO_COMMON_BLOCKS = YES;
				GCC_OPTIMIZATION_LEVEL = 0;
				GCC_PREPROCESSOR_DEFINITIONS = (
					"DEBUG=1",
					"$(inherited)",
				);
				GCC_WARN_64_TO_32_BIT_CONVERSION = YES;
				GCC_WARN_ABOUT_RETURN_TYPE = YES_ERROR;
				GCC_WARN_UNDECLARED_SELECTOR = YES;
				GCC_WARN_UNINITIALIZED_AUTOS = YES_AGGRESSIVE;
				GCC_WARN_UNUSED_FUNCTION = YES;
				GCC_WARN_UNUSED_VARIABLE = YES;
				IPHONEOS_DEPLOYMENT_TARGET = 15.5;
				MTL_ENABLE_DEBUG_INFO = INCLUDE_SOURCE;
				MTL_FAST_MATH = YES;
				ONLY_ACTIVE_ARCH = YES;
				SDKROOT = iphoneos;
				SWIFT_ACTIVE_COMPILATION_CONDITIONS = DEBUG;
				SWIFT_OPTIMIZATION_LEVEL = "-Onone";
			};
			name = Debug;
		};
		76F117EA28D0B6FF00CB8DB6 /* Release */ = {
			isa = XCBuildConfiguration;
			buildSettings = {
				ALWAYS_SEARCH_USER_PATHS = NO;
				CLANG_ANALYZER_NONNULL = YES;
				CLANG_ANALYZER_NUMBER_OBJECT_CONVERSION = YES_AGGRESSIVE;
				CLANG_CXX_LANGUAGE_STANDARD = "gnu++17";
				CLANG_ENABLE_MODULES = YES;
				CLANG_ENABLE_OBJC_ARC = YES;
				CLANG_ENABLE_OBJC_WEAK = YES;
				CLANG_WARN_BLOCK_CAPTURE_AUTORELEASING = YES;
				CLANG_WARN_BOOL_CONVERSION = YES;
				CLANG_WARN_COMMA = YES;
				CLANG_WARN_CONSTANT_CONVERSION = YES;
				CLANG_WARN_DEPRECATED_OBJC_IMPLEMENTATIONS = YES;
				CLANG_WARN_DIRECT_OBJC_ISA_USAGE = YES_ERROR;
				CLANG_WARN_DOCUMENTATION_COMMENTS = YES;
				CLANG_WARN_EMPTY_BODY = YES;
				CLANG_WARN_ENUM_CONVERSION = YES;
				CLANG_WARN_INFINITE_RECURSION = YES;
				CLANG_WARN_INT_CONVERSION = YES;
				CLANG_WARN_NON_LITERAL_NULL_CONVERSION = YES;
				CLANG_WARN_OBJC_IMPLICIT_RETAIN_SELF = YES;
				CLANG_WARN_OBJC_LITERAL_CONVERSION = YES;
				CLANG_WARN_OBJC_ROOT_CLASS = YES_ERROR;
				CLANG_WARN_QUOTED_INCLUDE_IN_FRAMEWORK_HEADER = YES;
				CLANG_WARN_RANGE_LOOP_ANALYSIS = YES;
				CLANG_WARN_STRICT_PROTOTYPES = YES;
				CLANG_WARN_SUSPICIOUS_MOVE = YES;
				CLANG_WARN_UNGUARDED_AVAILABILITY = YES_AGGRESSIVE;
				CLANG_WARN_UNREACHABLE_CODE = YES;
				CLANG_WARN__DUPLICATE_METHOD_MATCH = YES;
				COPY_PHASE_STRIP = NO;
				DEBUG_INFORMATION_FORMAT = "dwarf-with-dsym";
				ENABLE_NS_ASSERTIONS = NO;
				ENABLE_STRICT_OBJC_MSGSEND = YES;
				GCC_C_LANGUAGE_STANDARD = gnu11;
				GCC_NO_COMMON_BLOCKS = YES;
				GCC_WARN_64_TO_32_BIT_CONVERSION = YES;
				GCC_WARN_ABOUT_RETURN_TYPE = YES_ERROR;
				GCC_WARN_UNDECLARED_SELECTOR = YES;
				GCC_WARN_UNINITIALIZED_AUTOS = YES_AGGRESSIVE;
				GCC_WARN_UNUSED_FUNCTION = YES;
				GCC_WARN_UNUSED_VARIABLE = YES;
				IPHONEOS_DEPLOYMENT_TARGET = 15.5;
				MTL_ENABLE_DEBUG_INFO = NO;
				MTL_FAST_MATH = YES;
				SDKROOT = iphoneos;
				SWIFT_COMPILATION_MODE = wholemodule;
				SWIFT_OPTIMIZATION_LEVEL = "-O";
				VALIDATE_PRODUCT = YES;
			};
			name = Release;
		};
		76F117EC28D0B6FF00CB8DB6 /* Debug */ = {
			isa = XCBuildConfiguration;
			buildSettings = {
				ASSETCATALOG_COMPILER_APPICON_NAME = AppIcon;
				ASSETCATALOG_COMPILER_GLOBAL_ACCENT_COLOR_NAME = AccentColor;
				CODE_SIGN_STYLE = Automatic;
				CURRENT_PROJECT_VERSION = 1;
				DEVELOPMENT_ASSET_PATHS = "\"HangryStock/Preview Content\"";
				DEVELOPMENT_TEAM = 8ZU2A8P99A;
				ENABLE_PREVIEWS = YES;
				GENERATE_INFOPLIST_FILE = YES;
				INFOPLIST_KEY_UIApplicationSceneManifest_Generation = YES;
				INFOPLIST_KEY_UIApplicationSupportsIndirectInputEvents = YES;
				INFOPLIST_KEY_UILaunchScreen_Generation = YES;
				INFOPLIST_KEY_UISupportedInterfaceOrientations_iPad = "UIInterfaceOrientationPortrait UIInterfaceOrientationPortraitUpsideDown UIInterfaceOrientationLandscapeLeft UIInterfaceOrientationLandscapeRight";
				INFOPLIST_KEY_UISupportedInterfaceOrientations_iPhone = "UIInterfaceOrientationPortrait UIInterfaceOrientationLandscapeLeft UIInterfaceOrientationLandscapeRight";
				LD_RUNPATH_SEARCH_PATHS = (
					"$(inherited)",
					"@executable_path/Frameworks",
				);
				MARKETING_VERSION = 1.0;
				PRODUCT_BUNDLE_IDENTIFIER = com.millot.frederic.HangryStock;
				PRODUCT_NAME = "$(TARGET_NAME)";
				SWIFT_EMIT_LOC_STRINGS = YES;
				SWIFT_VERSION = 5.0;
				TARGETED_DEVICE_FAMILY = "1,2";
			};
			name = Debug;
		};
		76F117ED28D0B6FF00CB8DB6 /* Release */ = {
			isa = XCBuildConfiguration;
			buildSettings = {
				ASSETCATALOG_COMPILER_APPICON_NAME = AppIcon;
				ASSETCATALOG_COMPILER_GLOBAL_ACCENT_COLOR_NAME = AccentColor;
				CODE_SIGN_STYLE = Automatic;
				CURRENT_PROJECT_VERSION = 1;
				DEVELOPMENT_ASSET_PATHS = "\"HangryStock/Preview Content\"";
				DEVELOPMENT_TEAM = 8ZU2A8P99A;
				ENABLE_PREVIEWS = YES;
				GENERATE_INFOPLIST_FILE = YES;
				INFOPLIST_KEY_UIApplicationSceneManifest_Generation = YES;
				INFOPLIST_KEY_UIApplicationSupportsIndirectInputEvents = YES;
				INFOPLIST_KEY_UILaunchScreen_Generation = YES;
				INFOPLIST_KEY_UISupportedInterfaceOrientations_iPad = "UIInterfaceOrientationPortrait UIInterfaceOrientationPortraitUpsideDown UIInterfaceOrientationLandscapeLeft UIInterfaceOrientationLandscapeRight";
				INFOPLIST_KEY_UISupportedInterfaceOrientations_iPhone = "UIInterfaceOrientationPortrait UIInterfaceOrientationLandscapeLeft UIInterfaceOrientationLandscapeRight";
				LD_RUNPATH_SEARCH_PATHS = (
					"$(inherited)",
					"@executable_path/Frameworks",
				);
				MARKETING_VERSION = 1.0;
				PRODUCT_BUNDLE_IDENTIFIER = com.millot.frederic.HangryStock;
				PRODUCT_NAME = "$(TARGET_NAME)";
				SWIFT_EMIT_LOC_STRINGS = YES;
				SWIFT_VERSION = 5.0;
				TARGETED_DEVICE_FAMILY = "1,2";
			};
			name = Release;
		};
		76F117EF28D0B6FF00CB8DB6 /* Debug */ = {
			isa = XCBuildConfiguration;
			buildSettings = {
				ALWAYS_EMBED_SWIFT_STANDARD_LIBRARIES = YES;
				BUNDLE_LOADER = "$(TEST_HOST)";
				CODE_SIGN_STYLE = Automatic;
				CURRENT_PROJECT_VERSION = 1;
				DEVELOPMENT_TEAM = 8ZU2A8P99A;
				GENERATE_INFOPLIST_FILE = YES;
				IPHONEOS_DEPLOYMENT_TARGET = 15.5;
				MARKETING_VERSION = 1.0;
				PRODUCT_BUNDLE_IDENTIFIER = com.millot.frederic.HangryStockTests;
				PRODUCT_NAME = "$(TARGET_NAME)";
				SWIFT_EMIT_LOC_STRINGS = NO;
				SWIFT_VERSION = 5.0;
				TARGETED_DEVICE_FAMILY = "1,2";
				TEST_HOST = "$(BUILT_PRODUCTS_DIR)/HangryStock.app/HangryStock";
			};
			name = Debug;
		};
		76F117F028D0B6FF00CB8DB6 /* Release */ = {
			isa = XCBuildConfiguration;
			buildSettings = {
				ALWAYS_EMBED_SWIFT_STANDARD_LIBRARIES = YES;
				BUNDLE_LOADER = "$(TEST_HOST)";
				CODE_SIGN_STYLE = Automatic;
				CURRENT_PROJECT_VERSION = 1;
				DEVELOPMENT_TEAM = 8ZU2A8P99A;
				GENERATE_INFOPLIST_FILE = YES;
				IPHONEOS_DEPLOYMENT_TARGET = 15.5;
				MARKETING_VERSION = 1.0;
				PRODUCT_BUNDLE_IDENTIFIER = com.millot.frederic.HangryStockTests;
				PRODUCT_NAME = "$(TARGET_NAME)";
				SWIFT_EMIT_LOC_STRINGS = NO;
				SWIFT_VERSION = 5.0;
				TARGETED_DEVICE_FAMILY = "1,2";
				TEST_HOST = "$(BUILT_PRODUCTS_DIR)/HangryStock.app/HangryStock";
			};
			name = Release;
		};
		76F117F228D0B6FF00CB8DB6 /* Debug */ = {
			isa = XCBuildConfiguration;
			buildSettings = {
				ALWAYS_EMBED_SWIFT_STANDARD_LIBRARIES = YES;
				CODE_SIGN_STYLE = Automatic;
				CURRENT_PROJECT_VERSION = 1;
				DEVELOPMENT_TEAM = 8ZU2A8P99A;
				GENERATE_INFOPLIST_FILE = YES;
				MARKETING_VERSION = 1.0;
				PRODUCT_BUNDLE_IDENTIFIER = com.millot.frederic.HangryStockUITests;
				PRODUCT_NAME = "$(TARGET_NAME)";
				SWIFT_EMIT_LOC_STRINGS = NO;
				SWIFT_VERSION = 5.0;
				TARGETED_DEVICE_FAMILY = "1,2";
				TEST_TARGET_NAME = HangryStock;
			};
			name = Debug;
		};
		76F117F328D0B6FF00CB8DB6 /* Release */ = {
			isa = XCBuildConfiguration;
			buildSettings = {
				ALWAYS_EMBED_SWIFT_STANDARD_LIBRARIES = YES;
				CODE_SIGN_STYLE = Automatic;
				CURRENT_PROJECT_VERSION = 1;
				DEVELOPMENT_TEAM = 8ZU2A8P99A;
				GENERATE_INFOPLIST_FILE = YES;
				MARKETING_VERSION = 1.0;
				PRODUCT_BUNDLE_IDENTIFIER = com.millot.frederic.HangryStockUITests;
				PRODUCT_NAME = "$(TARGET_NAME)";
				SWIFT_EMIT_LOC_STRINGS = NO;
				SWIFT_VERSION = 5.0;
				TARGETED_DEVICE_FAMILY = "1,2";
				TEST_TARGET_NAME = HangryStock;
			};
			name = Release;
		};
/* End XCBuildConfiguration section */

/* Begin XCConfigurationList section */
		76F117C228D0B6FB00CB8DB6 /* Build configuration list for PBXProject "HangryStock" */ = {
			isa = XCConfigurationList;
			buildConfigurations = (
				76F117E928D0B6FF00CB8DB6 /* Debug */,
				76F117EA28D0B6FF00CB8DB6 /* Release */,
			);
			defaultConfigurationIsVisible = 0;
			defaultConfigurationName = Release;
		};
		76F117EB28D0B6FF00CB8DB6 /* Build configuration list for PBXNativeTarget "HangryStock" */ = {
			isa = XCConfigurationList;
			buildConfigurations = (
				76F117EC28D0B6FF00CB8DB6 /* Debug */,
				76F117ED28D0B6FF00CB8DB6 /* Release */,
			);
			defaultConfigurationIsVisible = 0;
			defaultConfigurationName = Release;
		};
		76F117EE28D0B6FF00CB8DB6 /* Build configuration list for PBXNativeTarget "HangryStockTests" */ = {
			isa = XCConfigurationList;
			buildConfigurations = (
				76F117EF28D0B6FF00CB8DB6 /* Debug */,
				76F117F028D0B6FF00CB8DB6 /* Release */,
			);
			defaultConfigurationIsVisible = 0;
			defaultConfigurationName = Release;
		};
		76F117F128D0B6FF00CB8DB6 /* Build configuration list for PBXNativeTarget "HangryStockUITests" */ = {
			isa = XCConfigurationList;
			buildConfigurations = (
				76F117F228D0B6FF00CB8DB6 /* Debug */,
				76F117F328D0B6FF00CB8DB6 /* Release */,
			);
			defaultConfigurationIsVisible = 0;
			defaultConfigurationName = Release;
		};
/* End XCConfigurationList section */
	};
	rootObject = 76F117BF28D0B6FB00CB8DB6 /* Project object */;
}
